// !$*UTF8*$!
{
	archiveVersion = 1;
	classes = {
	};
	objectVersion = 46;
	objects = {

/* Begin PBXBuildFile section */
		802F64EA1C0E955600DFE4B3 /* Assets.xcassets in Resources */ = {isa = PBXBuildFile; fileRef = 802F64E91C0E955600DFE4B3 /* Assets.xcassets */; };
		802F64ED1C0E955600DFE4B3 /* LaunchScreen.storyboard in Resources */ = {isa = PBXBuildFile; fileRef = 802F64EB1C0E955600DFE4B3 /* LaunchScreen.storyboard */; };
		802F65701C0EC1C400DFE4B3 /* AppDelegate.swift in Sources */ = {isa = PBXBuildFile; fileRef = 802F656F1C0EC1C400DFE4B3 /* AppDelegate.swift */; };
		802F65721C0ED80300DFE4B3 /* BackVC.swift in Sources */ = {isa = PBXBuildFile; fileRef = 802F65711C0ED80300DFE4B3 /* BackVC.swift */; };
		802F65761C0EDC4300DFE4B3 /* SWRevealViewController.m in Sources */ = {isa = PBXBuildFile; fileRef = 802F65751C0EDC4300DFE4B3 /* SWRevealViewController.m */; };
		802F65781C0EE09D00DFE4B3 /* BookRequestViewController.swift in Sources */ = {isa = PBXBuildFile; fileRef = 802F65771C0EE09D00DFE4B3 /* BookRequestViewController.swift */; };
		80CB63911C10BBC700191AA0 /* MyBookingsVC.swift in Sources */ = {isa = PBXBuildFile; fileRef = 80CB63901C10BBC700191AA0 /* MyBookingsVC.swift */; };
		80CB63931C10D01900191AA0 /* RateCardVC.swift in Sources */ = {isa = PBXBuildFile; fileRef = 80CB63921C10D01900191AA0 /* RateCardVC.swift */; };
		80CB63981C10F20400191AA0 /* FirstVC.swift in Sources */ = {isa = PBXBuildFile; fileRef = 80CB63971C10F20400191AA0 /* FirstVC.swift */; };
		80CB639A1C10F92600191AA0 /* SignUpVC.swift in Sources */ = {isa = PBXBuildFile; fileRef = 80CB63991C10F92600191AA0 /* SignUpVC.swift */; };
		80CB63A01C11CB6100191AA0 /* ForgotPassVC.swift in Sources */ = {isa = PBXBuildFile; fileRef = 80CB639F1C11CB6100191AA0 /* ForgotPassVC.swift */; };
		80CB63A21C11D00400191AA0 /* CallSupport.swift in Sources */ = {isa = PBXBuildFile; fileRef = 80CB63A11C11D00400191AA0 /* CallSupport.swift */; };
		80CB63A41C11F06B00191AA0 /* ProfileVC.swift in Sources */ = {isa = PBXBuildFile; fileRef = 80CB63A31C11F06B00191AA0 /* ProfileVC.swift */; };
		80CB63AA1C12735A00191AA0 /* Main.storyboard in Resources */ = {isa = PBXBuildFile; fileRef = 80CB63A91C12735A00191AA0 /* Main.storyboard */; };
/* End PBXBuildFile section */

/* Begin PBXContainerItemProxy section */
		802F65581C0EBD3900DFE4B3 /* PBXContainerItemProxy */ = {
			isa = PBXContainerItemProxy;
			containerPortal = 802F64D71C0E955600DFE4B3 /* Project object */;
			proxyType = 1;
			remoteGlobalIDString = 802F64DE1C0E955600DFE4B3;
			remoteInfo = ios_j;
		};
/* End PBXContainerItemProxy section */

/* Begin PBXCopyFilesBuildPhase section */
		802F656E1C0EBDBF00DFE4B3 /* Embed Frameworks */ = {
			isa = PBXCopyFilesBuildPhase;
			buildActionMask = 2147483647;
			dstPath = "";
			dstSubfolderSpec = 10;
			files = (
			);
			name = "Embed Frameworks";
			runOnlyForDeploymentPostprocessing = 0;
		};
/* End PBXCopyFilesBuildPhase section */

/* Begin PBXFileReference section */
		802F64DF1C0E955600DFE4B3 /* ios_j.app */ = {isa = PBXFileReference; explicitFileType = wrapper.application; includeInIndex = 0; path = ios_j.app; sourceTree = BUILT_PRODUCTS_DIR; };
		802F64E91C0E955600DFE4B3 /* Assets.xcassets */ = {isa = PBXFileReference; lastKnownFileType = folder.assetcatalog; path = Assets.xcassets; sourceTree = "<group>"; };
		802F64EC1C0E955600DFE4B3 /* Base */ = {isa = PBXFileReference; lastKnownFileType = file.storyboard; name = Base; path = Base.lproj/LaunchScreen.storyboard; sourceTree = "<group>"; };
		802F64EE1C0E955600DFE4B3 /* Info.plist */ = {isa = PBXFileReference; lastKnownFileType = text.plist.xml; path = Info.plist; sourceTree = "<group>"; };
		802F65531C0EBD3900DFE4B3 /* ios_jUITests.xctest */ = {isa = PBXFileReference; explicitFileType = wrapper.cfbundle; includeInIndex = 0; path = ios_jUITests.xctest; sourceTree = BUILT_PRODUCTS_DIR; };
		802F656F1C0EC1C400DFE4B3 /* AppDelegate.swift */ = {isa = PBXFileReference; fileEncoding = 4; lastKnownFileType = sourcecode.swift; path = AppDelegate.swift; sourceTree = "<group>"; };
		802F65711C0ED80300DFE4B3 /* BackVC.swift */ = {isa = PBXFileReference; fileEncoding = 4; lastKnownFileType = sourcecode.swift; path = BackVC.swift; sourceTree = "<group>"; };
		802F65731C0EDC4200DFE4B3 /* ios_j-Bridging-Header.h */ = {isa = PBXFileReference; lastKnownFileType = sourcecode.c.h; path = "ios_j-Bridging-Header.h"; sourceTree = "<group>"; };
		802F65741C0EDC4300DFE4B3 /* SWRevealViewController.h */ = {isa = PBXFileReference; fileEncoding = 4; lastKnownFileType = sourcecode.c.h; path = SWRevealViewController.h; sourceTree = "<group>"; };
		802F65751C0EDC4300DFE4B3 /* SWRevealViewController.m */ = {isa = PBXFileReference; fileEncoding = 4; lastKnownFileType = sourcecode.c.objc; path = SWRevealViewController.m; sourceTree = "<group>"; };
		802F65771C0EE09D00DFE4B3 /* BookRequestViewController.swift */ = {isa = PBXFileReference; fileEncoding = 4; lastKnownFileType = sourcecode.swift; path = BookRequestViewController.swift; sourceTree = "<group>"; };
		80CB63901C10BBC700191AA0 /* MyBookingsVC.swift */ = {isa = PBXFileReference; fileEncoding = 4; lastKnownFileType = sourcecode.swift; path = MyBookingsVC.swift; sourceTree = "<group>"; };
		80CB63921C10D01900191AA0 /* RateCardVC.swift */ = {isa = PBXFileReference; fileEncoding = 4; lastKnownFileType = sourcecode.swift; path = RateCardVC.swift; sourceTree = "<group>"; };
		80CB63971C10F20400191AA0 /* FirstVC.swift */ = {isa = PBXFileReference; fileEncoding = 4; lastKnownFileType = sourcecode.swift; name = FirstVC.swift; path = ../FirstVC.swift; sourceTree = "<group>"; };
		80CB63991C10F92600191AA0 /* SignUpVC.swift */ = {isa = PBXFileReference; fileEncoding = 4; lastKnownFileType = sourcecode.swift; path = SignUpVC.swift; sourceTree = "<group>"; };
		80CB639F1C11CB6100191AA0 /* ForgotPassVC.swift */ = {isa = PBXFileReference; fileEncoding = 4; lastKnownFileType = sourcecode.swift; name = ForgotPassVC.swift; path = ../ForgotPassVC.swift; sourceTree = "<group>"; };
		80CB63A11C11D00400191AA0 /* CallSupport.swift */ = {isa = PBXFileReference; fileEncoding = 4; lastKnownFileType = sourcecode.swift; path = CallSupport.swift; sourceTree = "<group>"; };
		80CB63A31C11F06B00191AA0 /* ProfileVC.swift */ = {isa = PBXFileReference; fileEncoding = 4; lastKnownFileType = sourcecode.swift; path = ProfileVC.swift; sourceTree = "<group>"; };
		80CB63A91C12735A00191AA0 /* Main.storyboard */ = {isa = PBXFileReference; fileEncoding = 4; lastKnownFileType = file.storyboard; path = Main.storyboard; sourceTree = "<group>"; };
/* End PBXFileReference section */

/* Begin PBXFrameworksBuildPhase section */
		802F64DC1C0E955600DFE4B3 /* Frameworks */ = {
			isa = PBXFrameworksBuildPhase;
			buildActionMask = 2147483647;
			files = (
			);
			runOnlyForDeploymentPostprocessing = 0;
		};
		802F65501C0EBD3900DFE4B3 /* Frameworks */ = {
			isa = PBXFrameworksBuildPhase;
			buildActionMask = 2147483647;
			files = (
			);
			runOnlyForDeploymentPostprocessing = 0;
		};
/* End PBXFrameworksBuildPhase section */

/* Begin PBXGroup section */
		802F64D61C0E955600DFE4B3 = {
			isa = PBXGroup;
			children = (
				802F64E11C0E955600DFE4B3 /* ios_j */,
				802F64E01C0E955600DFE4B3 /* Products */,
			);
			sourceTree = "<group>";
		};
		802F64E01C0E955600DFE4B3 /* Products */ = {
			isa = PBXGroup;
			children = (
				802F64DF1C0E955600DFE4B3 /* ios_j.app */,
				802F65531C0EBD3900DFE4B3 /* ios_jUITests.xctest */,
			);
			name = Products;
			sourceTree = "<group>";
		};
		802F64E11C0E955600DFE4B3 /* ios_j */ = {
			isa = PBXGroup;
			children = (
				80CB63971C10F20400191AA0 /* FirstVC.swift */,
				80CB63A11C11D00400191AA0 /* CallSupport.swift */,
				802F656F1C0EC1C400DFE4B3 /* AppDelegate.swift */,
				802F65771C0EE09D00DFE4B3 /* BookRequestViewController.swift */,
				80CB63A31C11F06B00191AA0 /* ProfileVC.swift */,
				80CB63991C10F92600191AA0 /* SignUpVC.swift */,
				80CB63A91C12735A00191AA0 /* Main.storyboard */,
				80CB639F1C11CB6100191AA0 /* ForgotPassVC.swift */,
				80CB63921C10D01900191AA0 /* RateCardVC.swift */,
				80CB63901C10BBC700191AA0 /* MyBookingsVC.swift */,
				802F65711C0ED80300DFE4B3 /* BackVC.swift */,
				802F64E91C0E955600DFE4B3 /* Assets.xcassets */,
				802F65741C0EDC4300DFE4B3 /* SWRevealViewController.h */,
				802F65751C0EDC4300DFE4B3 /* SWRevealViewController.m */,
				802F65731C0EDC4200DFE4B3 /* ios_j-Bridging-Header.h */,
				802F64EB1C0E955600DFE4B3 /* LaunchScreen.storyboard */,
				802F64EE1C0E955600DFE4B3 /* Info.plist */,
			);
			path = ios_j;
			sourceTree = "<group>";
		};
/* End PBXGroup section */

/* Begin PBXNativeTarget section */
		802F64DE1C0E955600DFE4B3 /* ios_j */ = {
			isa = PBXNativeTarget;
			buildConfigurationList = 802F64F11C0E955600DFE4B3 /* Build configuration list for PBXNativeTarget "ios_j" */;
			buildPhases = (
				802F64DB1C0E955600DFE4B3 /* Sources */,
				802F64DC1C0E955600DFE4B3 /* Frameworks */,
				802F64DD1C0E955600DFE4B3 /* Resources */,
				802F656E1C0EBDBF00DFE4B3 /* Embed Frameworks */,
			);
			buildRules = (
			);
			dependencies = (
			);
			name = ios_j;
			productName = ios_j;
			productReference = 802F64DF1C0E955600DFE4B3 /* ios_j.app */;
			productType = "com.apple.product-type.application";
		};
		802F65521C0EBD3900DFE4B3 /* ios_jUITests */ = {
			isa = PBXNativeTarget;
			buildConfigurationList = 802F655A1C0EBD3A00DFE4B3 /* Build configuration list for PBXNativeTarget "ios_jUITests" */;
			buildPhases = (
				802F654F1C0EBD3900DFE4B3 /* Sources */,
				802F65501C0EBD3900DFE4B3 /* Frameworks */,
				802F65511C0EBD3900DFE4B3 /* Resources */,
			);
			buildRules = (
			);
			dependencies = (
				802F65591C0EBD3900DFE4B3 /* PBXTargetDependency */,
			);
			name = ios_jUITests;
			productName = ios_jUITests;
			productReference = 802F65531C0EBD3900DFE4B3 /* ios_jUITests.xctest */;
			productType = "com.apple.product-type.bundle.ui-testing";
		};
/* End PBXNativeTarget section */

/* Begin PBXProject section */
		802F64D71C0E955600DFE4B3 /* Project object */ = {
			isa = PBXProject;
			attributes = {
				LastSwiftUpdateCheck = 0710;
				LastUpgradeCheck = 0710;
				ORGANIZATIONNAME = Goeazy;
				TargetAttributes = {
					802F64DE1C0E955600DFE4B3 = {
						CreatedOnToolsVersion = 7.1.1;
						DevelopmentTeam = 9Y6289WXA9;
					};
					802F65521C0EBD3900DFE4B3 = {
						CreatedOnToolsVersion = 7.1.1;
						DevelopmentTeam = 9Y6289WXA9;
						TestTargetID = 802F64DE1C0E955600DFE4B3;
					};
				};
			};
			buildConfigurationList = 802F64DA1C0E955600DFE4B3 /* Build configuration list for PBXProject "ios_j" */;
			compatibilityVersion = "Xcode 3.2";
			developmentRegion = English;
			hasScannedForEncodings = 0;
			knownRegions = (
				en,
				Base,
			);
			mainGroup = 802F64D61C0E955600DFE4B3;
			productRefGroup = 802F64E01C0E955600DFE4B3 /* Products */;
			projectDirPath = "";
			projectRoot = "";
			targets = (
				802F64DE1C0E955600DFE4B3 /* ios_j */,
				802F65521C0EBD3900DFE4B3 /* ios_jUITests */,
			);
		};
/* End PBXProject section */

/* Begin PBXResourcesBuildPhase section */
		802F64DD1C0E955600DFE4B3 /* Resources */ = {
			isa = PBXResourcesBuildPhase;
			buildActionMask = 2147483647;
			files = (
				80CB63AA1C12735A00191AA0 /* Main.storyboard in Resources */,
				802F64ED1C0E955600DFE4B3 /* LaunchScreen.storyboard in Resources */,
				802F64EA1C0E955600DFE4B3 /* Assets.xcassets in Resources */,
			);
			runOnlyForDeploymentPostprocessing = 0;
		};
		802F65511C0EBD3900DFE4B3 /* Resources */ = {
			isa = PBXResourcesBuildPhase;
			buildActionMask = 2147483647;
			files = (
			);
			runOnlyForDeploymentPostprocessing = 0;
		};
/* End PBXResourcesBuildPhase section */

/* Begin PBXSourcesBuildPhase section */
		802F64DB1C0E955600DFE4B3 /* Sources */ = {
			isa = PBXSourcesBuildPhase;
			buildActionMask = 2147483647;
			files = (
				80CB639A1C10F92600191AA0 /* SignUpVC.swift in Sources */,
				80CB63911C10BBC700191AA0 /* MyBookingsVC.swift in Sources */,
				802F65781C0EE09D00DFE4B3 /* BookRequestViewController.swift in Sources */,
				80CB63A21C11D00400191AA0 /* CallSupport.swift in Sources */,
				802F65721C0ED80300DFE4B3 /* BackVC.swift in Sources */,
				80CB63981C10F20400191AA0 /* FirstVC.swift in Sources */,
				802F65701C0EC1C400DFE4B3 /* AppDelegate.swift in Sources */,
				80CB63A01C11CB6100191AA0 /* ForgotPassVC.swift in Sources */,
				802F65761C0EDC4300DFE4B3 /* SWRevealViewController.m in Sources */,
				80CB63A41C11F06B00191AA0 /* ProfileVC.swift in Sources */,
				80CB63931C10D01900191AA0 /* RateCardVC.swift in Sources */,
			);
			runOnlyForDeploymentPostprocessing = 0;
		};
		802F654F1C0EBD3900DFE4B3 /* Sources */ = {
			isa = PBXSourcesBuildPhase;
			buildActionMask = 2147483647;
			files = (
			);
			runOnlyForDeploymentPostprocessing = 0;
		};
/* End PBXSourcesBuildPhase section */

/* Begin PBXTargetDependency section */
		802F65591C0EBD3900DFE4B3 /* PBXTargetDependency */ = {
			isa = PBXTargetDependency;
			target = 802F64DE1C0E955600DFE4B3 /* ios_j */;
			targetProxy = 802F65581C0EBD3900DFE4B3 /* PBXContainerItemProxy */;
		};
/* End PBXTargetDependency section */

/* Begin PBXVariantGroup section */
		802F64EB1C0E955600DFE4B3 /* LaunchScreen.storyboard */ = {
			isa = PBXVariantGroup;
			children = (
				802F64EC1C0E955600DFE4B3 /* Base */,
			);
			name = LaunchScreen.storyboard;
			sourceTree = "<group>";
		};
/* End PBXVariantGroup section */

/* Begin XCBuildConfiguration section */
		802F64EF1C0E955600DFE4B3 /* Debug */ = {
			isa = XCBuildConfiguration;
			buildSettings = {
				ALWAYS_SEARCH_USER_PATHS = NO;
				CLANG_CXX_LANGUAGE_STANDARD = "gnu++0x";
				CLANG_CXX_LIBRARY = "libc++";
				CLANG_ENABLE_MODULES = YES;
				CLANG_ENABLE_OBJC_ARC = YES;
				CLANG_WARN_BOOL_CONVERSION = YES;
				CLANG_WARN_CONSTANT_CONVERSION = YES;
				CLANG_WARN_DIRECT_OBJC_ISA_USAGE = YES_ERROR;
				CLANG_WARN_EMPTY_BODY = YES;
				CLANG_WARN_ENUM_CONVERSION = YES;
				CLANG_WARN_INT_CONVERSION = YES;
				CLANG_WARN_OBJC_ROOT_CLASS = YES_ERROR;
				CLANG_WARN_UNREACHABLE_CODE = YES;
				CLANG_WARN__DUPLICATE_METHOD_MATCH = YES;
				"CODE_SIGN_IDENTITY[sdk=iphoneos*]" = "iPhone Developer";
				COPY_PHASE_STRIP = NO;
				DEBUG_INFORMATION_FORMAT = dwarf;
				ENABLE_STRICT_OBJC_MSGSEND = YES;
				ENABLE_TESTABILITY = YES;
				GCC_C_LANGUAGE_STANDARD = gnu99;
				GCC_DYNAMIC_NO_PIC = NO;
				GCC_NO_COMMON_BLOCKS = YES;
				GCC_OPTIMIZATION_LEVEL = 0;
				GCC_PREPROCESSOR_DEFINITIONS = (
					"DEBUG=1",
					"$(inherited)",
				);
				GCC_WARN_64_TO_32_BIT_CONVERSION = YES;
				GCC_WARN_ABOUT_RETURN_TYPE = YES_ERROR;
				GCC_WARN_UNDECLARED_SELECTOR = YES;
				GCC_WARN_UNINITIALIZED_AUTOS = YES_AGGRESSIVE;
				GCC_WARN_UNUSED_FUNCTION = YES;
				GCC_WARN_UNUSED_VARIABLE = YES;
				IPHONEOS_DEPLOYMENT_TARGET = 9.1;
				MTL_ENABLE_DEBUG_INFO = YES;
				ONLY_ACTIVE_ARCH = YES;
				SDKROOT = iphoneos;
				SWIFT_OPTIMIZATION_LEVEL = "-Onone";
				TARGETED_DEVICE_FAMILY = "1,2";
			};
			name = Debug;
		};
		802F64F01C0E955600DFE4B3 /* Release */ = {
			isa = XCBuildConfiguration;
			buildSettings = {
				ALWAYS_SEARCH_USER_PATHS = NO;
				CLANG_CXX_LANGUAGE_STANDARD = "gnu++0x";
				CLANG_CXX_LIBRARY = "libc++";
				CLANG_ENABLE_MODULES = YES;
				CLANG_ENABLE_OBJC_ARC = YES;
				CLANG_WARN_BOOL_CONVERSION = YES;
				CLANG_WARN_CONSTANT_CONVERSION = YES;
				CLANG_WARN_DIRECT_OBJC_ISA_USAGE = YES_ERROR;
				CLANG_WARN_EMPTY_BODY = YES;
				CLANG_WARN_ENUM_CONVERSION = YES;
				CLANG_WARN_INT_CONVERSION = YES;
				CLANG_WARN_OBJC_ROOT_CLASS = YES_ERROR;
				CLANG_WARN_UNREACHABLE_CODE = YES;
				CLANG_WARN__DUPLICATE_METHOD_MATCH = YES;
				"CODE_SIGN_IDENTITY[sdk=iphoneos*]" = "iPhone Developer";
				COPY_PHASE_STRIP = NO;
				DEBUG_INFORMATION_FORMAT = "dwarf-with-dsym";
				ENABLE_NS_ASSERTIONS = NO;
				ENABLE_STRICT_OBJC_MSGSEND = YES;
				GCC_C_LANGUAGE_STANDARD = gnu99;
				GCC_NO_COMMON_BLOCKS = YES;
				GCC_WARN_64_TO_32_BIT_CONVERSION = YES;
				GCC_WARN_ABOUT_RETURN_TYPE = YES_ERROR;
				GCC_WARN_UNDECLARED_SELECTOR = YES;
				GCC_WARN_UNINITIALIZED_AUTOS = YES_AGGRESSIVE;
				GCC_WARN_UNUSED_FUNCTION = YES;
				GCC_WARN_UNUSED_VARIABLE = YES;
				IPHONEOS_DEPLOYMENT_TARGET = 9.1;
				MTL_ENABLE_DEBUG_INFO = NO;
				SDKROOT = iphoneos;
				TARGETED_DEVICE_FAMILY = "1,2";
				VALIDATE_PRODUCT = YES;
			};
			name = Release;
		};
		802F64F21C0E955600DFE4B3 /* Debug */ = {
			isa = XCBuildConfiguration;
			buildSettings = {
				ASSETCATALOG_COMPILER_APPICON_NAME = AppIcon;
				CLANG_ENABLE_MODULES = YES;
				CODE_SIGN_IDENTITY = "iPhone Developer";
				INFOPLIST_FILE = ios_j/Info.plist;
				LD_RUNPATH_SEARCH_PATHS = "$(inherited) @executable_path/Frameworks";
				PRODUCT_BUNDLE_IDENTIFIER = "com.somil.goeazy.ios-j";
				PRODUCT_NAME = "$(TARGET_NAME)";
				SWIFT_OBJC_BRIDGING_HEADER = "ios_j/ios_j-Bridging-Header.h";
				SWIFT_OPTIMIZATION_LEVEL = "-Onone";
			};
			name = Debug;
		};
		802F64F31C0E955600DFE4B3 /* Release */ = {
			isa = XCBuildConfiguration;
			buildSettings = {
				ASSETCATALOG_COMPILER_APPICON_NAME = AppIcon;
				CLANG_ENABLE_MODULES = YES;
				CODE_SIGN_IDENTITY = "iPhone Developer";
				INFOPLIST_FILE = ios_j/Info.plist;
				LD_RUNPATH_SEARCH_PATHS = "$(inherited) @executable_path/Frameworks";
				PRODUCT_BUNDLE_IDENTIFIER = "com.somil.goeazy.ios-j";
				PRODUCT_NAME = "$(TARGET_NAME)";
				SWIFT_OBJC_BRIDGING_HEADER = "ios_j/ios_j-Bridging-Header.h";
			};
			name = Release;
		};
		802F655B1C0EBD3A00DFE4B3 /* Debug */ = {
			isa = XCBuildConfiguration;
			buildSettings = {
				INFOPLIST_FILE = ios_jUITests/Info.plist;
				LD_RUNPATH_SEARCH_PATHS = "$(inherited) @executable_path/Frameworks @loader_path/Frameworks";
				PRODUCT_BUNDLE_IDENTIFIER = "com.somil.goeazy.ios-jUITests";
				PRODUCT_NAME = "$(TARGET_NAME)";
				TEST_TARGET_NAME = ios_j;
				USES_XCTRUNNER = YES;
			};
			name = Debug;
		};
		802F655C1C0EBD3A00DFE4B3 /* Release */ = {
			isa = XCBuildConfiguration;
			buildSettings = {
				INFOPLIST_FILE = ios_jUITests/Info.plist;
				LD_RUNPATH_SEARCH_PATHS = "$(inherited) @executable_path/Frameworks @loader_path/Frameworks";
				PRODUCT_BUNDLE_IDENTIFIER = "com.somil.goeazy.ios-jUITests";
				PRODUCT_NAME = "$(TARGET_NAME)";
				TEST_TARGET_NAME = ios_j;
				USES_XCTRUNNER = YES;
			};
			name = Release;
		};
/* End XCBuildConfiguration section */

/* Begin XCConfigurationList section */
		802F64DA1C0E955600DFE4B3 /* Build configuration list for PBXProject "ios_j" */ = {
			isa = XCConfigurationList;
			buildConfigurations = (
				802F64EF1C0E955600DFE4B3 /* Debug */,
				802F64F01C0E955600DFE4B3 /* Release */,
			);
			defaultConfigurationIsVisible = 0;
			defaultConfigurationName = Release;
		};
		802F64F11C0E955600DFE4B3 /* Build configuration list for PBXNativeTarget "ios_j" */ = {
			isa = XCConfigurationList;
			buildConfigurations = (
				802F64F21C0E955600DFE4B3 /* Debug */,
				802F64F31C0E955600DFE4B3 /* Release */,
			);
			defaultConfigurationIsVisible = 0;
			defaultConfigurationName = Release;
		};
		802F655A1C0EBD3A00DFE4B3 /* Build configuration list for PBXNativeTarget "ios_jUITests" */ = {
			isa = XCConfigurationList;
			buildConfigurations = (
				802F655B1C0EBD3A00DFE4B3 /* Debug */,
				802F655C1C0EBD3A00DFE4B3 /* Release */,
			);
			defaultConfigurationIsVisible = 0;
			defaultConfigurationName = Release;
		};
/* End XCConfigurationList section */
	};
	rootObject = 802F64D71C0E955600DFE4B3 /* Project object */;
}
